
Microsoft Visual Studio Solution File, Format Version 12.00
# Visual Studio Version 17
VisualStudioVersion = 17.5.33424.131
MinimumVisualStudioVersion = 10.0.40219.1
Project("{FAE04EC0-301F-11D3-BF4B-00C04F79EFBC}") = "EX04", "EX04.csproj", "{B0EA9EF2-206D-4052-B2DF-D109F28C7AAE}"
EndProject
Global
	GlobalSection(SolutionConfigurationPlatforms) = preSolution
		Debug|Any CPU = Debug|Any CPU
		Release|Any CPU = Release|Any CPU
	EndGlobalSection
	GlobalSection(ProjectConfigurationPlatforms) = postSolution
		{B0EA9EF2-206D-4052-B2DF-D109F28C7AAE}.Debug|Any CPU.ActiveCfg = Debug|Any CPU
		{B0EA9EF2-206D-4052-B2DF-D109F28C7AAE}.Debug|Any CPU.Build.0 = Debug|Any CPU
		{B0EA9EF2-206D-4052-B2DF-D109F28C7AAE}.Release|Any CPU.ActiveCfg = Release|Any CPU
		{B0EA9EF2-206D-4052-B2DF-D109F28C7AAE}.Release|Any CPU.Build.0 = Release|Any CPU
	EndGlobalSection
	GlobalSection(SolutionProperties) = preSolution
		HideSolutionNode = FALSE
	EndGlobalSection
	GlobalSection(ExtensibilityGlobals) = postSolution
		SolutionGuid = {56C6305A-3CF4-428C-BEFA-F17645E2A418}
	EndGlobalSection
EndGlobal
